// !$*UTF8*$!
{
	archiveVersion = 1;
	classes = {
	};
	objectVersion = 48;
	objects = {

/* Begin PBXBuildFile section */
		3BA15A3B2077DE08004EB6F1 /* AppDelegate.swift in Sources */ = {isa = PBXBuildFile; fileRef = 3BA15A3A2077DE08004EB6F1 /* AppDelegate.swift */; };
		3BA15A3D2077DE08004EB6F1 /* ViewController.swift in Sources */ = {isa = PBXBuildFile; fileRef = 3BA15A3C2077DE08004EB6F1 /* ViewController.swift */; };
		3BA15A402077DE08004EB6F1 /* Main.storyboard in Resources */ = {isa = PBXBuildFile; fileRef = 3BA15A3E2077DE08004EB6F1 /* Main.storyboard */; };
		3BA15A422077DE08004EB6F1 /* Assets.xcassets in Resources */ = {isa = PBXBuildFile; fileRef = 3BA15A412077DE08004EB6F1 /* Assets.xcassets */; };
		3BA15A452077DE08004EB6F1 /* LaunchScreen.storyboard in Resources */ = {isa = PBXBuildFile; fileRef = 3BA15A432077DE08004EB6F1 /* LaunchScreen.storyboard */; };
		3BA15A4D2077DE1A004EB6F1 /* JATimer.swift in Sources */ = {isa = PBXBuildFile; fileRef = 3BA15A4C2077DE1A004EB6F1 /* JATimer.swift */; };
/* End PBXBuildFile section */

/* Begin PBXFileReference section */
		3BA15A372077DE08004EB6F1 /* Efficient Timer.app */ = {isa = PBXFileReference; explicitFileType = wrapper.application; includeInIndex = 0; path = "Efficient Timer.app"; sourceTree = BUILT_PRODUCTS_DIR; };
		3BA15A3A2077DE08004EB6F1 /* AppDelegate.swift */ = {isa = PBXFileReference; lastKnownFileType = sourcecode.swift; path = AppDelegate.swift; sourceTree = "<group>"; };
		3BA15A3C2077DE08004EB6F1 /* ViewController.swift */ = {isa = PBXFileReference; lastKnownFileType = sourcecode.swift; path = ViewController.swift; sourceTree = "<group>"; };
		3BA15A3F2077DE08004EB6F1 /* Base */ = {isa = PBXFileReference; lastKnownFileType = file.storyboard; name = Base; path = Base.lproj/Main.storyboard; sourceTree = "<group>"; };
		3BA15A412077DE08004EB6F1 /* Assets.xcassets */ = {isa = PBXFileReference; lastKnownFileType = folder.assetcatalog; path = Assets.xcassets; sourceTree = "<group>"; };
		3BA15A442077DE08004EB6F1 /* Base */ = {isa = PBXFileReference; lastKnownFileType = file.storyboard; name = Base; path = Base.lproj/LaunchScreen.storyboard; sourceTree = "<group>"; };
		3BA15A462077DE08004EB6F1 /* Info.plist */ = {isa = PBXFileReference; lastKnownFileType = text.plist.xml; path = Info.plist; sourceTree = "<group>"; };
		3BA15A4C2077DE1A004EB6F1 /* JATimer.swift */ = {isa = PBXFileReference; fileEncoding = 4; lastKnownFileType = sourcecode.swift; path = JATimer.swift; sourceTree = "<group>"; };
/* End PBXFileReference section */

/* Begin PBXFrameworksBuildPhase section */
		3BA15A342077DE08004EB6F1 /* Frameworks */ = {
			isa = PBXFrameworksBuildPhase;
			buildActionMask = 2147483647;
			files = (
			);
			runOnlyForDeploymentPostprocessing = 0;
		};
/* End PBXFrameworksBuildPhase section */

/* Begin PBXGroup section */
		3BA15A2E2077DE08004EB6F1 = {
			isa = PBXGroup;
			children = (
				3BA15A392077DE08004EB6F1 /* Efficient Timer */,
				3BA15A382077DE08004EB6F1 /* Products */,
			);
			sourceTree = "<group>";
		};
		3BA15A382077DE08004EB6F1 /* Products */ = {
			isa = PBXGroup;
			children = (
				3BA15A372077DE08004EB6F1 /* Efficient Timer.app */,
			);
			name = Products;
			sourceTree = "<group>";
		};
		3BA15A392077DE08004EB6F1 /* Efficient Timer */ = {
			isa = PBXGroup;
			children = (
				3BA15A3A2077DE08004EB6F1 /* AppDelegate.swift */,
				3BA15A3C2077DE08004EB6F1 /* ViewController.swift */,
				3BA15A3E2077DE08004EB6F1 /* Main.storyboard */,
				3BA15A4C2077DE1A004EB6F1 /* JATimer.swift */,
				3BA15A412077DE08004EB6F1 /* Assets.xcassets */,
				3BA15A432077DE08004EB6F1 /* LaunchScreen.storyboard */,
				3BA15A462077DE08004EB6F1 /* Info.plist */,
			);
			path = "Efficient Timer";
			sourceTree = "<group>";
		};
/* End PBXGroup section */

/* Begin PBXNativeTarget section */
		3BA15A362077DE08004EB6F1 /* Efficient Timer */ = {
			isa = PBXNativeTarget;
			buildConfigurationList = 3BA15A492077DE08004EB6F1 /* Build configuration list for PBXNativeTarget "Efficient Timer" */;
			buildPhases = (
				3BA15A332077DE08004EB6F1 /* Sources */,
				3BA15A342077DE08004EB6F1 /* Frameworks */,
				3BA15A352077DE08004EB6F1 /* Resources */,
			);
			buildRules = (
			);
			dependencies = (
			);
			name = "Efficient Timer";
			productName = "Efficient Timer";
			productReference = 3BA15A372077DE08004EB6F1 /* Efficient Timer.app */;
			productType = "com.apple.product-type.application";
		};
/* End PBXNativeTarget section */

/* Begin PBXProject section */
		3BA15A2F2077DE08004EB6F1 /* Project object */ = {
			isa = PBXProject;
			attributes = {
				LastSwiftUpdateCheck = 0920;
				LastUpgradeCheck = 0920;
				ORGANIZATIONNAME = "Jayant Arora";
				TargetAttributes = {
					3BA15A362077DE08004EB6F1 = {
						CreatedOnToolsVersion = 9.2;
						ProvisioningStyle = Automatic;
					};
				};
			};
			buildConfigurationList = 3BA15A322077DE08004EB6F1 /* Build configuration list for PBXProject "Efficient Timer" */;
			compatibilityVersion = "Xcode 8.0";
			developmentRegion = en;
			hasScannedForEncodings = 0;
			knownRegions = (
				en,
				Base,
			);
			mainGroup = 3BA15A2E2077DE08004EB6F1;
			productRefGroup = 3BA15A382077DE08004EB6F1 /* Products */;
			projectDirPath = "";
			projectRoot = "";
			targets = (
				3BA15A362077DE08004EB6F1 /* Efficient Timer */,
			);
		};
/* End PBXProject section */

/* Begin PBXResourcesBuildPhase section */
		3BA15A352077DE08004EB6F1 /* Resources */ = {
			isa = PBXResourcesBuildPhase;
			buildActionMask = 2147483647;
			files = (
				3BA15A452077DE08004EB6F1 /* LaunchScreen.storyboard in Resources */,
				3BA15A422077DE08004EB6F1 /* Assets.xcassets in Resources */,
				3BA15A402077DE08004EB6F1 /* Main.storyboard in Resources */,
			);
			runOnlyForDeploymentPostprocessing = 0;
		};
/* End PBXResourcesBuildPhase section */

/* Begin PBXSourcesBuildPhase section */
		3BA15A332077DE08004EB6F1 /* Sources */ = {
			isa = PBXSourcesBuildPhase;
			buildActionMask = 2147483647;
			files = (
				3BA15A3D2077DE08004EB6F1 /* ViewController.swift in Sources */,
				3BA15A3B2077DE08004EB6F1 /* AppDelegate.swift in Sources */,
				3BA15A4D2077DE1A004EB6F1 /* JATimer.swift in Sources */,
			);
			runOnlyForDeploymentPostprocessing = 0;
		};
/* End PBXSourcesBuildPhase section */

/* Begin PBXVariantGroup section */
		3BA15A3E2077DE08004EB6F1 /* Main.storyboard */ = {
			isa = PBXVariantGroup;
			children = (
				3BA15A3F2077DE08004EB6F1 /* Base */,
			);
			name = Main.storyboard;
			sourceTree = "<group>";
		};
		3BA15A432077DE08004EB6F1 /* LaunchScreen.storyboard */ = {
			isa = PBXVariantGroup;
			children = (
				3BA15A442077DE08004EB6F1 /* Base */,
			);
			name = LaunchScreen.storyboard;
			sourceTree = "<group>";
		};
/* End PBXVariantGroup section */

/* Begin XCBuildConfiguration section */
		3BA15A472077DE08004EB6F1 /* Debug */ = {
			isa = XCBuildConfiguration;
			buildSettings = {
				ALWAYS_SEARCH_USER_PATHS = NO;
				CLANG_ANALYZER_NONNULL = YES;
				CLANG_ANALYZER_NUMBER_OBJECT_CONVERSION = YES_AGGRESSIVE;
				CLANG_CXX_LANGUAGE_STANDARD = "gnu++14";
				CLANG_CXX_LIBRARY = "libc++";
				CLANG_ENABLE_MODULES = YES;
				CLANG_ENABLE_OBJC_ARC = YES;
				CLANG_WARN_BLOCK_CAPTURE_AUTORELEASING = YES;
				CLANG_WARN_BOOL_CONVERSION = YES;
				CLANG_WARN_COMMA = YES;
				CLANG_WARN_CONSTANT_CONVERSION = YES;
				CLANG_WARN_DIRECT_OBJC_ISA_USAGE = YES_ERROR;
				CLANG_WARN_DOCUMENTATION_COMMENTS = YES;
				CLANG_WARN_EMPTY_BODY = YES;
				CLANG_WARN_ENUM_CONVERSION = YES;
				CLANG_WARN_INFINITE_RECURSION = YES;
				CLANG_WARN_INT_CONVERSION = YES;
				CLANG_WARN_NON_LITERAL_NULL_CONVERSION = YES;
				CLANG_WARN_OBJC_LITERAL_CONVERSION = YES;
				CLANG_WARN_OBJC_ROOT_CLASS = YES_ERROR;
				CLANG_WARN_RANGE_LOOP_ANALYSIS = YES;
				CLANG_WARN_STRICT_PROTOTYPES = YES;
				CLANG_WARN_SUSPICIOUS_MOVE = YES;
				CLANG_WARN_UNGUARDED_AVAILABILITY = YES_AGGRESSIVE;
				CLANG_WARN_UNREACHABLE_CODE = YES;
				CLANG_WARN__DUPLICATE_METHOD_MATCH = YES;
				CODE_SIGN_IDENTITY = "iPhone Developer";
				COPY_PHASE_STRIP = NO;
				DEBUG_INFORMATION_FORMAT = dwarf;
				ENABLE_STRICT_OBJC_MSGSEND = YES;
				ENABLE_TESTABILITY = YES;
				GCC_C_LANGUAGE_STANDARD = gnu11;
				GCC_DYNAMIC_NO_PIC = NO;
				GCC_NO_COMMON_BLOCKS = YES;
				GCC_OPTIMIZATION_LEVEL = 0;
				GCC_PREPROCESSOR_DEFINITIONS = (
					"DEBUG=1",
					"$(inherited)",
				);
				GCC_WARN_64_TO_32_BIT_CONVERSION = YES;
				GCC_WARN_ABOUT_RETURN_TYPE = YES_ERROR;
				GCC_WARN_UNDECLARED_SELECTOR = YES;
				GCC_WARN_UNINITIALIZED_AUTOS = YES_AGGRESSIVE;
				GCC_WARN_UNUSED_FUNCTION = YES;
				GCC_WARN_UNUSED_VARIABLE = YES;
				IPHONEOS_DEPLOYMENT_TARGET = 11.2;
				MTL_ENABLE_DEBUG_INFO = YES;
				ONLY_ACTIVE_ARCH = YES;
				SDKROOT = iphoneos;
				SWIFT_ACTIVE_COMPILATION_CONDITIONS = DEBUG;
				SWIFT_OPTIMIZATION_LEVEL = "-Onone";
			};
			name = Debug;
		};
		3BA15A482077DE08004EB6F1 /* Release */ = {
			isa = XCBuildConfiguration;
			buildSettings = {
				ALWAYS_SEARCH_USER_PATHS = NO;
				CLANG_ANALYZER_NONNULL = YES;
				CLANG_ANALYZER_NUMBER_OBJECT_CONVERSION = YES_AGGRESSIVE;
				CLANG_CXX_LANGUAGE_STANDARD = "gnu++14";
				CLANG_CXX_LIBRARY = "libc++";
				CLANG_ENABLE_MODULES = YES;
				CLANG_ENABLE_OBJC_ARC = YES;
				CLANG_WARN_BLOCK_CAPTURE_AUTORELEASING = YES;
				CLANG_WARN_BOOL_CONVERSION = YES;
				CLANG_WARN_COMMA = YES;
				CLANG_WARN_CONSTANT_CONVERSION = YES;
				CLANG_WARN_DIRECT_OBJC_ISA_USAGE = YES_ERROR;
				CLANG_WARN_DOCUMENTATION_COMMENTS = YES;
				CLANG_WARN_EMPTY_BODY = YES;
				CLANG_WARN_ENUM_CONVERSION = YES;
				CLANG_WARN_INFINITE_RECURSION = YES;
				CLANG_WARN_INT_CONVERSION = YES;
				CLANG_WARN_NON_LITERAL_NULL_CONVERSION = YES;
				CLANG_WARN_OBJC_LITERAL_CONVERSION = YES;
				CLANG_WARN_OBJC_ROOT_CLASS = YES_ERROR;
				CLANG_WARN_RANGE_LOOP_ANALYSIS = YES;
				CLANG_WARN_STRICT_PROTOTYPES = YES;
				CLANG_WARN_SUSPICIOUS_MOVE = YES;
				CLANG_WARN_UNGUARDED_AVAILABILITY = YES_AGGRESSIVE;
				CLANG_WARN_UNREACHABLE_CODE = YES;
				CLANG_WARN__DUPLICATE_METHOD_MATCH = YES;
				CODE_SIGN_IDENTITY = "iPhone Developer";
				COPY_PHASE_STRIP = NO;
				DEBUG_INFORMATION_FORMAT = "dwarf-with-dsym";
				ENABLE_NS_ASSERTIONS = NO;
				ENABLE_STRICT_OBJC_MSGSEND = YES;
				GCC_C_LANGUAGE_STANDARD = gnu11;
				GCC_NO_COMMON_BLOCKS = YES;
				GCC_WARN_64_TO_32_BIT_CONVERSION = YES;
				GCC_WARN_ABOUT_RETURN_TYPE = YES_ERROR;
				GCC_WARN_UNDECLARED_SELECTOR = YES;
				GCC_WARN_UNINITIALIZED_AUTOS = YES_AGGRESSIVE;
				GCC_WARN_UNUSED_FUNCTION = YES;
				GCC_WARN_UNUSED_VARIABLE = YES;
				IPHONEOS_DEPLOYMENT_TARGET = 11.2;
				MTL_ENABLE_DEBUG_INFO = NO;
				SDKROOT = iphoneos;
				SWIFT_OPTIMIZATION_LEVEL = "-Owholemodule";
				VALIDATE_PRODUCT = YES;
			};
			name = Release;
		};
		3BA15A4A2077DE08004EB6F1 /* Debug */ = {
			isa = XCBuildConfiguration;
			buildSettings = {
				ASSETCATALOG_COMPILER_APPICON_NAME = AppIcon;
				CODE_SIGN_STYLE = Automatic;
				DEVELOPMENT_TEAM = 299A72ZY42;
				INFOPLIST_FILE = "Efficient Timer/Info.plist";
				LD_RUNPATH_SEARCH_PATHS = "$(inherited) @executable_path/Frameworks";
				PRODUCT_BUNDLE_IDENTIFIER = "com.vtinfo.jayant.arora.Efficient-Timer";
				PRODUCT_NAME = "$(TARGET_NAME)";
				SWIFT_VERSION = 4.0;
				TARGETED_DEVICE_FAMILY = "1,2";
			};
			name = Debug;
		};
		3BA15A4B2077DE08004EB6F1 /* Release */ = {
			isa = XCBuildConfiguration;
			buildSettings = {
				ASSETCATALOG_COMPILER_APPICON_NAME = AppIcon;
				CODE_SIGN_STYLE = Automatic;
				DEVELOPMENT_TEAM = 299A72ZY42;
				INFOPLIST_FILE = "Efficient Timer/Info.plist";
				LD_RUNPATH_SEARCH_PATHS = "$(inherited) @executable_path/Frameworks";
				PRODUCT_BUNDLE_IDENTIFIER = "com.vtinfo.jayant.arora.Efficient-Timer";
				PRODUCT_NAME = "$(TARGET_NAME)";
				SWIFT_VERSION = 4.0;
				TARGETED_DEVICE_FAMILY = "1,2";
			};
			name = Release;
		};
/* End XCBuildConfiguration section */

/* Begin XCConfigurationList section */
		3BA15A322077DE08004EB6F1 /* Build configuration list for PBXProject "Efficient Timer" */ = {
			isa = XCConfigurationList;
			buildConfigurations = (
				3BA15A472077DE08004EB6F1 /* Debug */,
				3BA15A482077DE08004EB6F1 /* Release */,
			);
			defaultConfigurationIsVisible = 0;
			defaultConfigurationName = Release;
		};
		3BA15A492077DE08004EB6F1 /* Build configuration list for PBXNativeTarget "Efficient Timer" */ = {
			isa = XCConfigurationList;
			buildConfigurations = (
				3BA15A4A2077DE08004EB6F1 /* Debug */,
				3BA15A4B2077DE08004EB6F1 /* Release */,
			);
			defaultConfigurationIsVisible = 0;
			defaultConfigurationName = Release;
		};
/* End XCConfigurationList section */
	};
	rootObject = 3BA15A2F2077DE08004EB6F1 /* Project object */;
}
